{
  "name": "vad-example",
  "version": "1.0.0",
  "lockfileVersion": 2,
  "requires": true,
  "packages": {
    "": {
      "name": "vad-example",
      "version": "1.0.0",
      "license": "MIT",
      "dependencies": {
        "@ozymandiasthegreat/vad": "file:../.."
      }
    },
    "../..": {
      "name": "@ozymandiasthegreat/vad",
      "version": "2.0.0",
      "license": "MIT"
    },
    "node_modules/@ozymandiasthegreat/vad": {
      "resolved": "../..",
      "link": true
    }
  },
  "dependencies": {
    "@ozymandiasthegreat/vad": {
      "version": "file:../.."
    }
  }
}
